{
  "requires": true,
  "lockfileVersion": 1,
  "dependencies": {
    "vue2-leaflet": {
      "version": "2.6.0",
      "resolved": "https://registry.npmjs.org/vue2-leaflet/-/vue2-leaflet-2.6.0.tgz",
      "integrity": "sha512-JG+w9TtNuk1yRpPta+RjzH6J+opdRUPzSo8UuBnwk+a/6XD0f2tsaB6g3D6ZpBgIE4wZA2dbZ0dZFz2ulYMj3A=="
    }
  }
}
